
Microsoft Visual Studio Solution File, Format Version 12.00
# Visual Studio Version 17
VisualStudioVersion = 17.1.32421.90
MinimumVisualStudioVersion = 10.0.40219.1
Project("{FAE04EC0-301F-11D3-BF4B-00C04F79EFBC}") = "UnitSample", "UnitSample.csproj", "{7C03B0F3-D276-4644-9CF7-A81D6B9E334C}"
EndProject
Project("{FAE04EC0-301F-11D3-BF4B-00C04F79EFBC}") = "Unit1", "..\Unit1\Unit1.csproj", "{AC57946E-521D-4017-8799-3487FF71F30B}"
EndProject
Global
	GlobalSection(SolutionConfigurationPlatforms) = preSolution
		Debug|Any CPU = Debug|Any CPU
		Release|Any CPU = Release|Any CPU
	EndGlobalSection
	GlobalSection(ProjectConfigurationPlatforms) = postSolution
		{7C03B0F3-D276-4644-9CF7-A81D6B9E334C}.Debug|Any CPU.ActiveCfg = Debug|Any CPU
		{7C03B0F3-D276-4644-9CF7-A81D6B9E334C}.Debug|Any CPU.Build.0 = Debug|Any CPU
		{7C03B0F3-D276-4644-9CF7-A81D6B9E334C}.Release|Any CPU.ActiveCfg = Release|Any CPU
		{7C03B0F3-D276-4644-9CF7-A81D6B9E334C}.Release|Any CPU.Build.0 = Release|Any CPU
		{AC57946E-521D-4017-8799-3487FF71F30B}.Debug|Any CPU.ActiveCfg = Debug|Any CPU
		{AC57946E-521D-4017-8799-3487FF71F30B}.Debug|Any CPU.Build.0 = Debug|Any CPU
		{AC57946E-521D-4017-8799-3487FF71F30B}.Release|Any CPU.ActiveCfg = Release|Any CPU
		{AC57946E-521D-4017-8799-3487FF71F30B}.Release|Any CPU.Build.0 = Release|Any CPU
	EndGlobalSection
	GlobalSection(SolutionProperties) = preSolution
		HideSolutionNode = FALSE
	EndGlobalSection
	GlobalSection(ExtensibilityGlobals) = postSolution
		SolutionGuid = {775D54C0-8680-4F20-812C-80B31A9CDE64}
	EndGlobalSection
EndGlobal
